
Microsoft Visual Studio Solution File, Format Version 12.00
# Visual Studio Version 16
VisualStudioVersion = 16.0.32510.428
MinimumVisualStudioVersion = 10.0.40219.1
Project("{FAE04EC0-301F-11D3-BF4B-00C04F79EFBC}") = "Food", "Food.csproj", "{0E16E4EA-1412-474C-A67D-3B5A1D191147}"
EndProject
Global
	GlobalSection(SolutionConfigurationPlatforms) = preSolution
		Debug|Any CPU = Debug|Any CPU
		Release|Any CPU = Release|Any CPU
	EndGlobalSection
	GlobalSection(ProjectConfigurationPlatforms) = postSolution
		{0E16E4EA-1412-474C-A67D-3B5A1D191147}.Debug|Any CPU.ActiveCfg = Debug|Any CPU
		{0E16E4EA-1412-474C-A67D-3B5A1D191147}.Debug|Any CPU.Build.0 = Debug|Any CPU
		{0E16E4EA-1412-474C-A67D-3B5A1D191147}.Release|Any CPU.ActiveCfg = Release|Any CPU
		{0E16E4EA-1412-474C-A67D-3B5A1D191147}.Release|Any CPU.Build.0 = Release|Any CPU
	EndGlobalSection
	GlobalSection(SolutionProperties) = preSolution
		HideSolutionNode = FALSE
	EndGlobalSection
	GlobalSection(ExtensibilityGlobals) = postSolution
		SolutionGuid = {24FA0332-3A63-42DE-81FB-D99A8D79E26D}
	EndGlobalSection
EndGlobal
